
Microsoft Visual Studio Solution File, Format Version 12.00
# Visual Studio Version 17
VisualStudioVersion = 17.4.33205.214
MinimumVisualStudioVersion = 10.0.40219.1
Project("{8BC9CEB8-8B4A-11D0-8D11-00A0C91BC942}") = "test4", "test4\test4.vcxproj", "{305CEF51-FD98-42F9-8445-4E4F858F369D}"
EndProject
Global
	GlobalSection(SolutionConfigurationPlatforms) = preSolution
		Debug|x64 = Debug|x64
		Debug|x86 = Debug|x86
		Release|x64 = Release|x64
		Release|x86 = Release|x86
	EndGlobalSection
	GlobalSection(ProjectConfigurationPlatforms) = postSolution
		{305CEF51-FD98-42F9-8445-4E4F858F369D}.Debug|x64.ActiveCfg = Debug|x64
		{305CEF51-FD98-42F9-8445-4E4F858F369D}.Debug|x64.Build.0 = Debug|x64
		{305CEF51-FD98-42F9-8445-4E4F858F369D}.Debug|x86.ActiveCfg = Debug|Win32
		{305CEF51-FD98-42F9-8445-4E4F858F369D}.Debug|x86.Build.0 = Debug|Win32
		{305CEF51-FD98-42F9-8445-4E4F858F369D}.Release|x64.ActiveCfg = Release|x64
		{305CEF51-FD98-42F9-8445-4E4F858F369D}.Release|x64.Build.0 = Release|x64
		{305CEF51-FD98-42F9-8445-4E4F858F369D}.Release|x86.ActiveCfg = Release|Win32
		{305CEF51-FD98-42F9-8445-4E4F858F369D}.Release|x86.Build.0 = Release|Win32
	EndGlobalSection
	GlobalSection(SolutionProperties) = preSolution
		HideSolutionNode = FALSE
	EndGlobalSection
	GlobalSection(ExtensibilityGlobals) = postSolution
		SolutionGuid = {77F751F9-8257-47EF-B72D-D871CE368DD6}
	EndGlobalSection
EndGlobal
